
Microsoft Visual Studio Solution File, Format Version 12.00
# Visual Studio Version 18
VisualStudioVersion = 18.2.11415.280 d18.0
MinimumVisualStudioVersion = 10.0.40219.1
Project("{FAE04EC0-301F-11D3-BF4B-00C04F79EFBC}") = "WeatherAppWpf", "WeatherAppWpf.csproj", "{2EC271D5-E819-6883-5B26-A2C896A3241D}"
EndProject
Global
	GlobalSection(SolutionConfigurationPlatforms) = preSolution
		Debug|Any CPU = Debug|Any CPU
		Release|Any CPU = Release|Any CPU
	EndGlobalSection
	GlobalSection(ProjectConfigurationPlatforms) = postSolution
		{2EC271D5-E819-6883-5B26-A2C896A3241D}.Debug|Any CPU.ActiveCfg = Debug|Any CPU
		{2EC271D5-E819-6883-5B26-A2C896A3241D}.Debug|Any CPU.Build.0 = Debug|Any CPU
		{2EC271D5-E819-6883-5B26-A2C896A3241D}.Release|Any CPU.ActiveCfg = Release|Any CPU
		{2EC271D5-E819-6883-5B26-A2C896A3241D}.Release|Any CPU.Build.0 = Release|Any CPU
	EndGlobalSection
	GlobalSection(SolutionProperties) = preSolution
		HideSolutionNode = FALSE
	EndGlobalSection
	GlobalSection(ExtensibilityGlobals) = postSolution
		SolutionGuid = {0CE5CC68-FD8B-44CE-8796-26474229682D}
	EndGlobalSection
EndGlobal
